
Microsoft Visual Studio Solution File, Format Version 11.00
# Visual Studio 2010
Project("{FAE04EC0-301F-11D3-BF4B-00C04F79EFBC}") = "Scripts", "Scripts.csproj", "{8ffe20d6-c69c-25de-8fde-8dd0a4852ce6}"
EndProject
Project("{FAE04EC0-301F-11D3-BF4B-00C04F79EFBC}") = "Assembly-CSharp", "Assembly-CSharp.csproj", "{e1b96eb0-014e-fcc7-0656-827d3b0466e2}"
EndProject
Project("{FAE04EC0-301F-11D3-BF4B-00C04F79EFBC}") = "ScriptsTests", "ScriptsTests.csproj", "{b16ee16b-643f-751a-88a1-f188522e9a66}"
EndProject
Global
	GlobalSection(SolutionConfigurationPlatforms) = preSolution
		Debug|Any CPU = Debug|Any CPU
	EndGlobalSection
	GlobalSection(ProjectConfigurationPlatforms) = postSolution
		{8ffe20d6-c69c-25de-8fde-8dd0a4852ce6}.Debug|Any CPU.ActiveCfg = Debug|Any CPU
		{8ffe20d6-c69c-25de-8fde-8dd0a4852ce6}.Debug|Any CPU.Build.0 = Debug|Any CPU
		{e1b96eb0-014e-fcc7-0656-827d3b0466e2}.Debug|Any CPU.ActiveCfg = Debug|Any CPU
		{e1b96eb0-014e-fcc7-0656-827d3b0466e2}.Debug|Any CPU.Build.0 = Debug|Any CPU
		{b16ee16b-643f-751a-88a1-f188522e9a66}.Debug|Any CPU.ActiveCfg = Debug|Any CPU
		{b16ee16b-643f-751a-88a1-f188522e9a66}.Debug|Any CPU.Build.0 = Debug|Any CPU
	EndGlobalSection
	GlobalSection(SolutionProperties) = preSolution
		HideSolutionNode = FALSE
	EndGlobalSection
EndGlobal
